
Microsoft Visual Studio Solution File, Format Version 12.00
# Visual Studio Version 16
VisualStudioVersion = 16.0.31105.61
MinimumVisualStudioVersion = 10.0.40219.1
Project("{8BC9CEB8-8B4A-11D0-8D11-00A0C91BC942}") = "Vector Graphics Interpreter", "Vector Graphics Interpreter.vcxproj", "{21E085BB-4C56-42A3-9B2A-CBF2908390BD}"
EndProject
Global
	GlobalSection(SolutionConfigurationPlatforms) = preSolution
		Debug|x64 = Debug|x64
		Debug|x86 = Debug|x86
		Release|x64 = Release|x64
		Release|x86 = Release|x86
	EndGlobalSection
	GlobalSection(ProjectConfigurationPlatforms) = postSolution
		{21E085BB-4C56-42A3-9B2A-CBF2908390BD}.Debug|x64.ActiveCfg = Debug|x64
		{21E085BB-4C56-42A3-9B2A-CBF2908390BD}.Debug|x64.Build.0 = Debug|x64
		{21E085BB-4C56-42A3-9B2A-CBF2908390BD}.Debug|x86.ActiveCfg = Debug|Win32
		{21E085BB-4C56-42A3-9B2A-CBF2908390BD}.Debug|x86.Build.0 = Debug|Win32
		{21E085BB-4C56-42A3-9B2A-CBF2908390BD}.Release|x64.ActiveCfg = Release|x64
		{21E085BB-4C56-42A3-9B2A-CBF2908390BD}.Release|x64.Build.0 = Release|x64
		{21E085BB-4C56-42A3-9B2A-CBF2908390BD}.Release|x86.ActiveCfg = Release|Win32
		{21E085BB-4C56-42A3-9B2A-CBF2908390BD}.Release|x86.Build.0 = Release|Win32
	EndGlobalSection
	GlobalSection(SolutionProperties) = preSolution
		HideSolutionNode = FALSE
	EndGlobalSection
	GlobalSection(ExtensibilityGlobals) = postSolution
		SolutionGuid = {74A42817-6E77-4FAB-86EA-4D3BBA98F54D}
	EndGlobalSection
EndGlobal
